
Microsoft Visual Studio Solution File, Format Version 12.00
# Visual Studio Version 16
VisualStudioVersion = 16.0.31205.134
MinimumVisualStudioVersion = 10.0.40219.1
Project("{9A19103F-16F7-4668-BE54-9A1E7A4F7556}") = "udpproject", "udpproject\udpproject.csproj", "{7BCC4436-48FC-413F-BAF5-B04375A65D95}"
EndProject
Project("{9A19103F-16F7-4668-BE54-9A1E7A4F7556}") = "udpproject1", "udpproject1\udpproject1.csproj", "{29CA25D3-7719-45EA-8655-CDC41A6E704E}"
EndProject
Global
	GlobalSection(SolutionConfigurationPlatforms) = preSolution
		Debug|Any CPU = Debug|Any CPU
		Release|Any CPU = Release|Any CPU
	EndGlobalSection
	GlobalSection(ProjectConfigurationPlatforms) = postSolution
		{7BCC4436-48FC-413F-BAF5-B04375A65D95}.Debug|Any CPU.ActiveCfg = Debug|Any CPU
		{7BCC4436-48FC-413F-BAF5-B04375A65D95}.Debug|Any CPU.Build.0 = Debug|Any CPU
		{7BCC4436-48FC-413F-BAF5-B04375A65D95}.Release|Any CPU.ActiveCfg = Release|Any CPU
		{7BCC4436-48FC-413F-BAF5-B04375A65D95}.Release|Any CPU.Build.0 = Release|Any CPU
		{29CA25D3-7719-45EA-8655-CDC41A6E704E}.Debug|Any CPU.ActiveCfg = Debug|Any CPU
		{29CA25D3-7719-45EA-8655-CDC41A6E704E}.Debug|Any CPU.Build.0 = Debug|Any CPU
		{29CA25D3-7719-45EA-8655-CDC41A6E704E}.Release|Any CPU.ActiveCfg = Release|Any CPU
		{29CA25D3-7719-45EA-8655-CDC41A6E704E}.Release|Any CPU.Build.0 = Release|Any CPU
	EndGlobalSection
	GlobalSection(SolutionProperties) = preSolution
		HideSolutionNode = FALSE
	EndGlobalSection
	GlobalSection(ExtensibilityGlobals) = postSolution
		SolutionGuid = {E0AAF61C-D282-4390-B877-67E015963C5E}
	EndGlobalSection
EndGlobal
